// !$*UTF8*$!
{
	archiveVersion = 1;
	classes = {
	};
	objectVersion = 50;
	objects = {

/* Begin PBXBuildFile section */
		0C1B71D420B2B8D500DA6F6B /* AppDelegate.m in Sources */ = {isa = PBXBuildFile; fileRef = 0C1B71D320B2B8D500DA6F6B /* AppDelegate.m */; };
		0C1B71D720B2B8D500DA6F6B /* ViewController.m in Sources */ = {isa = PBXBuildFile; fileRef = 0C1B71D620B2B8D500DA6F6B /* ViewController.m */; };
		0C1B71DA20B2B8D500DA6F6B /* Main.storyboard in Resources */ = {isa = PBXBuildFile; fileRef = 0C1B71D820B2B8D500DA6F6B /* Main.storyboard */; };
		0C1B71DD20B2B8D500DA6F6B /* GitProject.xcdatamodeld in Sources */ = {isa = PBXBuildFile; fileRef = 0C1B71DB20B2B8D500DA6F6B /* GitProject.xcdatamodeld */; };
		0C1B71DF20B2B8D600DA6F6B /* Assets.xcassets in Resources */ = {isa = PBXBuildFile; fileRef = 0C1B71DE20B2B8D600DA6F6B /* Assets.xcassets */; };
		0C1B71E220B2B8D600DA6F6B /* LaunchScreen.storyboard in Resources */ = {isa = PBXBuildFile; fileRef = 0C1B71E020B2B8D600DA6F6B /* LaunchScreen.storyboard */; };
		0C1B71E520B2B8D600DA6F6B /* main.m in Sources */ = {isa = PBXBuildFile; fileRef = 0C1B71E420B2B8D600DA6F6B /* main.m */; };
		0C1B71EF20B2B8D600DA6F6B /* GitProjectTests.m in Sources */ = {isa = PBXBuildFile; fileRef = 0C1B71EE20B2B8D600DA6F6B /* GitProjectTests.m */; };
		0C1B71FA20B2B8D600DA6F6B /* GitProjectUITests.m in Sources */ = {isa = PBXBuildFile; fileRef = 0C1B71F920B2B8D600DA6F6B /* GitProjectUITests.m */; };
/* End PBXBuildFile section */

/* Begin PBXContainerItemProxy section */
		0C1B71EB20B2B8D600DA6F6B /* PBXContainerItemProxy */ = {
			isa = PBXContainerItemProxy;
			containerPortal = 0C1B71C720B2B8D500DA6F6B /* Project object */;
			proxyType = 1;
			remoteGlobalIDString = 0C1B71CE20B2B8D500DA6F6B;
			remoteInfo = GitProject;
		};
		0C1B71F620B2B8D600DA6F6B /* PBXContainerItemProxy */ = {
			isa = PBXContainerItemProxy;
			containerPortal = 0C1B71C720B2B8D500DA6F6B /* Project object */;
			proxyType = 1;
			remoteGlobalIDString = 0C1B71CE20B2B8D500DA6F6B;
			remoteInfo = GitProject;
		};
/* End PBXContainerItemProxy section */

/* Begin PBXFileReference section */
		0C1B71CF20B2B8D500DA6F6B /* GitProject.app */ = {isa = PBXFileReference; explicitFileType = wrapper.application; includeInIndex = 0; path = GitProject.app; sourceTree = BUILT_PRODUCTS_DIR; };
		0C1B71D220B2B8D500DA6F6B /* AppDelegate.h */ = {isa = PBXFileReference; lastKnownFileType = sourcecode.c.h; path = AppDelegate.h; sourceTree = "<group>"; };
		0C1B71D320B2B8D500DA6F6B /* AppDelegate.m */ = {isa = PBXFileReference; lastKnownFileType = sourcecode.c.objc; path = AppDelegate.m; sourceTree = "<group>"; };
		0C1B71D520B2B8D500DA6F6B /* ViewController.h */ = {isa = PBXFileReference; lastKnownFileType = sourcecode.c.h; path = ViewController.h; sourceTree = "<group>"; };
		0C1B71D620B2B8D500DA6F6B /* ViewController.m */ = {isa = PBXFileReference; lastKnownFileType = sourcecode.c.objc; path = ViewController.m; sourceTree = "<group>"; };
		0C1B71D920B2B8D500DA6F6B /* Base */ = {isa = PBXFileReference; lastKnownFileType = file.storyboard; name = Base; path = Base.lproj/Main.storyboard; sourceTree = "<group>"; };
		0C1B71DC20B2B8D500DA6F6B /* GitProject.xcdatamodel */ = {isa = PBXFileReference; lastKnownFileType = wrapper.xcdatamodel; path = GitProject.xcdatamodel; sourceTree = "<group>"; };
		0C1B71DE20B2B8D600DA6F6B /* Assets.xcassets */ = {isa = PBXFileReference; lastKnownFileType = folder.assetcatalog; path = Assets.xcassets; sourceTree = "<group>"; };
		0C1B71E120B2B8D600DA6F6B /* Base */ = {isa = PBXFileReference; lastKnownFileType = file.storyboard; name = Base; path = Base.lproj/LaunchScreen.storyboard; sourceTree = "<group>"; };
		0C1B71E320B2B8D600DA6F6B /* Info.plist */ = {isa = PBXFileReference; lastKnownFileType = text.plist.xml; path = Info.plist; sourceTree = "<group>"; };
		0C1B71E420B2B8D600DA6F6B /* main.m */ = {isa = PBXFileReference; lastKnownFileType = sourcecode.c.objc; path = main.m; sourceTree = "<group>"; };
		0C1B71EA20B2B8D600DA6F6B /* GitProjectTests.xctest */ = {isa = PBXFileReference; explicitFileType = wrapper.cfbundle; includeInIndex = 0; path = GitProjectTests.xctest; sourceTree = BUILT_PRODUCTS_DIR; };
		0C1B71EE20B2B8D600DA6F6B /* GitProjectTests.m */ = {isa = PBXFileReference; lastKnownFileType = sourcecode.c.objc; path = GitProjectTests.m; sourceTree = "<group>"; };
		0C1B71F020B2B8D600DA6F6B /* Info.plist */ = {isa = PBXFileReference; lastKnownFileType = text.plist.xml; path = Info.plist; sourceTree = "<group>"; };
		0C1B71F520B2B8D600DA6F6B /* GitProjectUITests.xctest */ = {isa = PBXFileReference; explicitFileType = wrapper.cfbundle; includeInIndex = 0; path = GitProjectUITests.xctest; sourceTree = BUILT_PRODUCTS_DIR; };
		0C1B71F920B2B8D600DA6F6B /* GitProjectUITests.m */ = {isa = PBXFileReference; lastKnownFileType = sourcecode.c.objc; path = GitProjectUITests.m; sourceTree = "<group>"; };
		0C1B71FB20B2B8D600DA6F6B /* Info.plist */ = {isa = PBXFileReference; lastKnownFileType = text.plist.xml; path = Info.plist; sourceTree = "<group>"; };
/* End PBXFileReference section */

/* Begin PBXFrameworksBuildPhase section */
		0C1B71CC20B2B8D500DA6F6B /* Frameworks */ = {
			isa = PBXFrameworksBuildPhase;
			buildActionMask = 2147483647;
			files = (
			);
			runOnlyForDeploymentPostprocessing = 0;
		};
		0C1B71E720B2B8D600DA6F6B /* Frameworks */ = {
			isa = PBXFrameworksBuildPhase;
			buildActionMask = 2147483647;
			files = (
			);
			runOnlyForDeploymentPostprocessing = 0;
		};
		0C1B71F220B2B8D600DA6F6B /* Frameworks */ = {
			isa = PBXFrameworksBuildPhase;
			buildActionMask = 2147483647;
			files = (
			);
			runOnlyForDeploymentPostprocessing = 0;
		};
/* End PBXFrameworksBuildPhase section */

/* Begin PBXGroup section */
		0C1B71C620B2B8D500DA6F6B = {
			isa = PBXGroup;
			children = (
				0C1B71D120B2B8D500DA6F6B /* GitProject */,
				0C1B71ED20B2B8D600DA6F6B /* GitProjectTests */,
				0C1B71F820B2B8D600DA6F6B /* GitProjectUITests */,
				0C1B71D020B2B8D500DA6F6B /* Products */,
			);
			sourceTree = "<group>";
		};
		0C1B71D020B2B8D500DA6F6B /* Products */ = {
			isa = PBXGroup;
			children = (
				0C1B71CF20B2B8D500DA6F6B /* GitProject.app */,
				0C1B71EA20B2B8D600DA6F6B /* GitProjectTests.xctest */,
				0C1B71F520B2B8D600DA6F6B /* GitProjectUITests.xctest */,
			);
			name = Products;
			sourceTree = "<group>";
		};
		0C1B71D120B2B8D500DA6F6B /* GitProject */ = {
			isa = PBXGroup;
			children = (
				0C1B71D220B2B8D500DA6F6B /* AppDelegate.h */,
				0C1B71D320B2B8D500DA6F6B /* AppDelegate.m */,
				0C1B71D520B2B8D500DA6F6B /* ViewController.h */,
				0C1B71D620B2B8D500DA6F6B /* ViewController.m */,
				0C1B71D820B2B8D500DA6F6B /* Main.storyboard */,
				0C1B71DE20B2B8D600DA6F6B /* Assets.xcassets */,
				0C1B71E020B2B8D600DA6F6B /* LaunchScreen.storyboard */,
				0C1B71E320B2B8D600DA6F6B /* Info.plist */,
				0C1B71E420B2B8D600DA6F6B /* main.m */,
				0C1B71DB20B2B8D500DA6F6B /* GitProject.xcdatamodeld */,
			);
			path = GitProject;
			sourceTree = "<group>";
		};
		0C1B71ED20B2B8D600DA6F6B /* GitProjectTests */ = {
			isa = PBXGroup;
			children = (
				0C1B71EE20B2B8D600DA6F6B /* GitProjectTests.m */,
				0C1B71F020B2B8D600DA6F6B /* Info.plist */,
			);
			path = GitProjectTests;
			sourceTree = "<group>";
		};
		0C1B71F820B2B8D600DA6F6B /* GitProjectUITests */ = {
			isa = PBXGroup;
			children = (
				0C1B71F920B2B8D600DA6F6B /* GitProjectUITests.m */,
				0C1B71FB20B2B8D600DA6F6B /* Info.plist */,
			);
			path = GitProjectUITests;
			sourceTree = "<group>";
		};
/* End PBXGroup section */

/* Begin PBXNativeTarget section */
		0C1B71CE20B2B8D500DA6F6B /* GitProject */ = {
			isa = PBXNativeTarget;
			buildConfigurationList = 0C1B71FE20B2B8D600DA6F6B /* Build configuration list for PBXNativeTarget "GitProject" */;
			buildPhases = (
				0C1B71CB20B2B8D500DA6F6B /* Sources */,
				0C1B71CC20B2B8D500DA6F6B /* Frameworks */,
				0C1B71CD20B2B8D500DA6F6B /* Resources */,
			);
			buildRules = (
			);
			dependencies = (
			);
			name = GitProject;
			productName = GitProject;
			productReference = 0C1B71CF20B2B8D500DA6F6B /* GitProject.app */;
			productType = "com.apple.product-type.application";
		};
		0C1B71E920B2B8D600DA6F6B /* GitProjectTests */ = {
			isa = PBXNativeTarget;
			buildConfigurationList = 0C1B720120B2B8D600DA6F6B /* Build configuration list for PBXNativeTarget "GitProjectTests" */;
			buildPhases = (
				0C1B71E620B2B8D600DA6F6B /* Sources */,
				0C1B71E720B2B8D600DA6F6B /* Frameworks */,
				0C1B71E820B2B8D600DA6F6B /* Resources */,
			);
			buildRules = (
			);
			dependencies = (
				0C1B71EC20B2B8D600DA6F6B /* PBXTargetDependency */,
			);
			name = GitProjectTests;
			productName = GitProjectTests;
			productReference = 0C1B71EA20B2B8D600DA6F6B /* GitProjectTests.xctest */;
			productType = "com.apple.product-type.bundle.unit-test";
		};
		0C1B71F420B2B8D600DA6F6B /* GitProjectUITests */ = {
			isa = PBXNativeTarget;
			buildConfigurationList = 0C1B720420B2B8D600DA6F6B /* Build configuration list for PBXNativeTarget "GitProjectUITests" */;
			buildPhases = (
				0C1B71F120B2B8D600DA6F6B /* Sources */,
				0C1B71F220B2B8D600DA6F6B /* Frameworks */,
				0C1B71F320B2B8D600DA6F6B /* Resources */,
			);
			buildRules = (
			);
			dependencies = (
				0C1B71F720B2B8D600DA6F6B /* PBXTargetDependency */,
			);
			name = GitProjectUITests;
			productName = GitProjectUITests;
			productReference = 0C1B71F520B2B8D600DA6F6B /* GitProjectUITests.xctest */;
			productType = "com.apple.product-type.bundle.ui-testing";
		};
/* End PBXNativeTarget section */

/* Begin PBXProject section */
		0C1B71C720B2B8D500DA6F6B /* Project object */ = {
			isa = PBXProject;
			attributes = {
				LastUpgradeCheck = 0930;
				ORGANIZATIONNAME = BlakeWu;
				TargetAttributes = {
					0C1B71CE20B2B8D500DA6F6B = {
						CreatedOnToolsVersion = 9.3.1;
					};
					0C1B71E920B2B8D600DA6F6B = {
						CreatedOnToolsVersion = 9.3.1;
						TestTargetID = 0C1B71CE20B2B8D500DA6F6B;
					};
					0C1B71F420B2B8D600DA6F6B = {
						CreatedOnToolsVersion = 9.3.1;
						TestTargetID = 0C1B71CE20B2B8D500DA6F6B;
					};
				};
			};
			buildConfigurationList = 0C1B71CA20B2B8D500DA6F6B /* Build configuration list for PBXProject "GitProject" */;
			compatibilityVersion = "Xcode 9.3";
			developmentRegion = en;
			hasScannedForEncodings = 0;
			knownRegions = (
				en,
				Base,
			);
			mainGroup = 0C1B71C620B2B8D500DA6F6B;
			productRefGroup = 0C1B71D020B2B8D500DA6F6B /* Products */;
			projectDirPath = "";
			projectRoot = "";
			targets = (
				0C1B71CE20B2B8D500DA6F6B /* GitProject */,
				0C1B71E920B2B8D600DA6F6B /* GitProjectTests */,
				0C1B71F420B2B8D600DA6F6B /* GitProjectUITests */,
			);
		};
/* End PBXProject section */

/* Begin PBXResourcesBuildPhase section */
		0C1B71CD20B2B8D500DA6F6B /* Resources */ = {
			isa = PBXResourcesBuildPhase;
			buildActionMask = 2147483647;
			files = (
				0C1B71E220B2B8D600DA6F6B /* LaunchScreen.storyboard in Resources */,
				0C1B71DF20B2B8D600DA6F6B /* Assets.xcassets in Resources */,
				0C1B71DA20B2B8D500DA6F6B /* Main.storyboard in Resources */,
			);
			runOnlyForDeploymentPostprocessing = 0;
		};
		0C1B71E820B2B8D600DA6F6B /* Resources */ = {
			isa = PBXResourcesBuildPhase;
			buildActionMask = 2147483647;
			files = (
			);
			runOnlyForDeploymentPostprocessing = 0;
		};
		0C1B71F320B2B8D600DA6F6B /* Resources */ = {
			isa = PBXResourcesBuildPhase;
			buildActionMask = 2147483647;
			files = (
			);
			runOnlyForDeploymentPostprocessing = 0;
		};
/* End PBXResourcesBuildPhase section */

/* Begin PBXSourcesBuildPhase section */
		0C1B71CB20B2B8D500DA6F6B /* Sources */ = {
			isa = PBXSourcesBuildPhase;
			buildActionMask = 2147483647;
			files = (
				0C1B71D720B2B8D500DA6F6B /* ViewController.m in Sources */,
				0C1B71D420B2B8D500DA6F6B /* AppDelegate.m in Sources */,
				0C1B71E520B2B8D600DA6F6B /* main.m in Sources */,
				0C1B71DD20B2B8D500DA6F6B /* GitProject.xcdatamodeld in Sources */,
			);
			runOnlyForDeploymentPostprocessing = 0;
		};
		0C1B71E620B2B8D600DA6F6B /* Sources */ = {
			isa = PBXSourcesBuildPhase;
			buildActionMask = 2147483647;
			files = (
				0C1B71EF20B2B8D600DA6F6B /* GitProjectTests.m in Sources */,
			);
			runOnlyForDeploymentPostprocessing = 0;
		};
		0C1B71F120B2B8D600DA6F6B /* Sources */ = {
			isa = PBXSourcesBuildPhase;
			buildActionMask = 2147483647;
			files = (
				0C1B71FA20B2B8D600DA6F6B /* GitProjectUITests.m in Sources */,
			);
			runOnlyForDeploymentPostprocessing = 0;
		};
/* End PBXSourcesBuildPhase section */

/* Begin PBXTargetDependency section */
		0C1B71EC20B2B8D600DA6F6B /* PBXTargetDependency */ = {
			isa = PBXTargetDependency;
			target = 0C1B71CE20B2B8D500DA6F6B /* GitProject */;
			targetProxy = 0C1B71EB20B2B8D600DA6F6B /* PBXContainerItemProxy */;
		};
		0C1B71F720B2B8D600DA6F6B /* PBXTargetDependency */ = {
			isa = PBXTargetDependency;
			target = 0C1B71CE20B2B8D500DA6F6B /* GitProject */;
			targetProxy = 0C1B71F620B2B8D600DA6F6B /* PBXContainerItemProxy */;
		};
/* End PBXTargetDependency section */

/* Begin PBXVariantGroup section */
		0C1B71D820B2B8D500DA6F6B /* Main.storyboard */ = {
			isa = PBXVariantGroup;
			children = (
				0C1B71D920B2B8D500DA6F6B /* Base */,
			);
			name = Main.storyboard;
			sourceTree = "<group>";
		};
		0C1B71E020B2B8D600DA6F6B /* LaunchScreen.storyboard */ = {
			isa = PBXVariantGroup;
			children = (
				0C1B71E120B2B8D600DA6F6B /* Base */,
			);
			name = LaunchScreen.storyboard;
			sourceTree = "<group>";
		};
/* End PBXVariantGroup section */

/* Begin XCBuildConfiguration section */
		0C1B71FC20B2B8D600DA6F6B /* Debug */ = {
			isa = XCBuildConfiguration;
			buildSettings = {
				ALWAYS_SEARCH_USER_PATHS = NO;
				CLANG_ANALYZER_NONNULL = YES;
				CLANG_ANALYZER_NUMBER_OBJECT_CONVERSION = YES_AGGRESSIVE;
				CLANG_CXX_LANGUAGE_STANDARD = "gnu++14";
				CLANG_CXX_LIBRARY = "libc++";
				CLANG_ENABLE_MODULES = YES;
				CLANG_ENABLE_OBJC_ARC = YES;
				CLANG_ENABLE_OBJC_WEAK = YES;
				CLANG_WARN_BLOCK_CAPTURE_AUTORELEASING = YES;
				CLANG_WARN_BOOL_CONVERSION = YES;
				CLANG_WARN_COMMA = YES;
				CLANG_WARN_CONSTANT_CONVERSION = YES;
				CLANG_WARN_DEPRECATED_OBJC_IMPLEMENTATIONS = YES;
				CLANG_WARN_DIRECT_OBJC_ISA_USAGE = YES_ERROR;
				CLANG_WARN_DOCUMENTATION_COMMENTS = YES;
				CLANG_WARN_EMPTY_BODY = YES;
				CLANG_WARN_ENUM_CONVERSION = YES;
				CLANG_WARN_INFINITE_RECURSION = YES;
				CLANG_WARN_INT_CONVERSION = YES;
				CLANG_WARN_NON_LITERAL_NULL_CONVERSION = YES;
				CLANG_WARN_OBJC_IMPLICIT_RETAIN_SELF = YES;
				CLANG_WARN_OBJC_LITERAL_CONVERSION = YES;
				CLANG_WARN_OBJC_ROOT_CLASS = YES_ERROR;
				CLANG_WARN_RANGE_LOOP_ANALYSIS = YES;
				CLANG_WARN_STRICT_PROTOTYPES = YES;
				CLANG_WARN_SUSPICIOUS_MOVE = YES;
				CLANG_WARN_UNGUARDED_AVAILABILITY = YES_AGGRESSIVE;
				CLANG_WARN_UNREACHABLE_CODE = YES;
				CLANG_WARN__DUPLICATE_METHOD_MATCH = YES;
				CODE_SIGN_IDENTITY = "iPhone Developer";
				COPY_PHASE_STRIP = NO;
				DEBUG_INFORMATION_FORMAT = dwarf;
				ENABLE_STRICT_OBJC_MSGSEND = YES;
				ENABLE_TESTABILITY = YES;
				GCC_C_LANGUAGE_STANDARD = gnu11;
				GCC_DYNAMIC_NO_PIC = NO;
				GCC_NO_COMMON_BLOCKS = YES;
				GCC_OPTIMIZATION_LEVEL = 0;
				GCC_PREPROCESSOR_DEFINITIONS = (
					"DEBUG=1",
					"$(inherited)",
				);
				GCC_WARN_64_TO_32_BIT_CONVERSION = YES;
				GCC_WARN_ABOUT_RETURN_TYPE = YES_ERROR;
				GCC_WARN_UNDECLARED_SELECTOR = YES;
				GCC_WARN_UNINITIALIZED_AUTOS = YES_AGGRESSIVE;
				GCC_WARN_UNUSED_FUNCTION = YES;
				GCC_WARN_UNUSED_VARIABLE = YES;
				IPHONEOS_DEPLOYMENT_TARGET = 11.3;
				MTL_ENABLE_DEBUG_INFO = YES;
				ONLY_ACTIVE_ARCH = YES;
				SDKROOT = iphoneos;
			};
			name = Debug;
		};
		0C1B71FD20B2B8D600DA6F6B /* Release */ = {
			isa = XCBuildConfiguration;
			buildSettings = {
				ALWAYS_SEARCH_USER_PATHS = NO;
				CLANG_ANALYZER_NONNULL = YES;
				CLANG_ANALYZER_NUMBER_OBJECT_CONVERSION = YES_AGGRESSIVE;
				CLANG_CXX_LANGUAGE_STANDARD = "gnu++14";
				CLANG_CXX_LIBRARY = "libc++";
				CLANG_ENABLE_MODULES = YES;
				CLANG_ENABLE_OBJC_ARC = YES;
				CLANG_ENABLE_OBJC_WEAK = YES;
				CLANG_WARN_BLOCK_CAPTURE_AUTORELEASING = YES;
				CLANG_WARN_BOOL_CONVERSION = YES;
				CLANG_WARN_COMMA = YES;
				CLANG_WARN_CONSTANT_CONVERSION = YES;
				CLANG_WARN_DEPRECATED_OBJC_IMPLEMENTATIONS = YES;
				CLANG_WARN_DIRECT_OBJC_ISA_USAGE = YES_ERROR;
				CLANG_WARN_DOCUMENTATION_COMMENTS = YES;
				CLANG_WARN_EMPTY_BODY = YES;
				CLANG_WARN_ENUM_CONVERSION = YES;
				CLANG_WARN_INFINITE_RECURSION = YES;
				CLANG_WARN_INT_CONVERSION = YES;
				CLANG_WARN_NON_LITERAL_NULL_CONVERSION = YES;
				CLANG_WARN_OBJC_IMPLICIT_RETAIN_SELF = YES;
				CLANG_WARN_OBJC_LITERAL_CONVERSION = YES;
				CLANG_WARN_OBJC_ROOT_CLASS = YES_ERROR;
				CLANG_WARN_RANGE_LOOP_ANALYSIS = YES;
				CLANG_WARN_STRICT_PROTOTYPES = YES;
				CLANG_WARN_SUSPICIOUS_MOVE = YES;
				CLANG_WARN_UNGUARDED_AVAILABILITY = YES_AGGRESSIVE;
				CLANG_WARN_UNREACHABLE_CODE = YES;
				CLANG_WARN__DUPLICATE_METHOD_MATCH = YES;
				CODE_SIGN_IDENTITY = "iPhone Developer";
				COPY_PHASE_STRIP = NO;
				DEBUG_INFORMATION_FORMAT = "dwarf-with-dsym";
				ENABLE_NS_ASSERTIONS = NO;
				ENABLE_STRICT_OBJC_MSGSEND = YES;
				GCC_C_LANGUAGE_STANDARD = gnu11;
				GCC_NO_COMMON_BLOCKS = YES;
				GCC_WARN_64_TO_32_BIT_CONVERSION = YES;
				GCC_WARN_ABOUT_RETURN_TYPE = YES_ERROR;
				GCC_WARN_UNDECLARED_SELECTOR = YES;
				GCC_WARN_UNINITIALIZED_AUTOS = YES_AGGRESSIVE;
				GCC_WARN_UNUSED_FUNCTION = YES;
				GCC_WARN_UNUSED_VARIABLE = YES;
				IPHONEOS_DEPLOYMENT_TARGET = 11.3;
				MTL_ENABLE_DEBUG_INFO = NO;
				SDKROOT = iphoneos;
				VALIDATE_PRODUCT = YES;
			};
			name = Release;
		};
		0C1B71FF20B2B8D600DA6F6B /* Debug */ = {
			isa = XCBuildConfiguration;
			buildSettings = {
				ASSETCATALOG_COMPILER_APPICON_NAME = AppIcon;
				CODE_SIGN_STYLE = Automatic;
				DEVELOPMENT_TEAM = 3BUB7R3366;
				INFOPLIST_FILE = GitProject/Info.plist;
				LD_RUNPATH_SEARCH_PATHS = (
					"$(inherited)",
					"@executable_path/Frameworks",
				);
				PRODUCT_BUNDLE_IDENTIFIER = com.Wu.Blake.GitProject;
				PRODUCT_NAME = "$(TARGET_NAME)";
				TARGETED_DEVICE_FAMILY = "1,2";
			};
			name = Debug;
		};
		0C1B720020B2B8D600DA6F6B /* Release */ = {
			isa = XCBuildConfiguration;
			buildSettings = {
				ASSETCATALOG_COMPILER_APPICON_NAME = AppIcon;
				CODE_SIGN_STYLE = Automatic;
				DEVELOPMENT_TEAM = 3BUB7R3366;
				INFOPLIST_FILE = GitProject/Info.plist;
				LD_RUNPATH_SEARCH_PATHS = (
					"$(inherited)",
					"@executable_path/Frameworks",
				);
				PRODUCT_BUNDLE_IDENTIFIER = com.Wu.Blake.GitProject;
				PRODUCT_NAME = "$(TARGET_NAME)";
				TARGETED_DEVICE_FAMILY = "1,2";
			};
			name = Release;
		};
		0C1B720220B2B8D600DA6F6B /* Debug */ = {
			isa = XCBuildConfiguration;
			buildSettings = {
				BUNDLE_LOADER = "$(TEST_HOST)";
				CODE_SIGN_STYLE = Automatic;
				DEVELOPMENT_TEAM = 3BUB7R3366;
				INFOPLIST_FILE = GitProjectTests/Info.plist;
				LD_RUNPATH_SEARCH_PATHS = (
					"$(inherited)",
					"@executable_path/Frameworks",
					"@loader_path/Frameworks",
				);
				PRODUCT_BUNDLE_IDENTIFIER = com.Wu.Blake.GitProjectTests;
				PRODUCT_NAME = "$(TARGET_NAME)";
				TARGETED_DEVICE_FAMILY = "1,2";
				TEST_HOST = "$(BUILT_PRODUCTS_DIR)/GitProject.app/GitProject";
			};
			name = Debug;
		};
		0C1B720320B2B8D600DA6F6B /* Release */ = {
			isa = XCBuildConfiguration;
			buildSettings = {
				BUNDLE_LOADER = "$(TEST_HOST)";
				CODE_SIGN_STYLE = Automatic;
				DEVELOPMENT_TEAM = 3BUB7R3366;
				INFOPLIST_FILE = GitProjectTests/Info.plist;
				LD_RUNPATH_SEARCH_PATHS = (
					"$(inherited)",
					"@executable_path/Frameworks",
					"@loader_path/Frameworks",
				);
				PRODUCT_BUNDLE_IDENTIFIER = com.Wu.Blake.GitProjectTests;
				PRODUCT_NAME = "$(TARGET_NAME)";
				TARGETED_DEVICE_FAMILY = "1,2";
				TEST_HOST = "$(BUILT_PRODUCTS_DIR)/GitProject.app/GitProject";
			};
			name = Release;
		};
		0C1B720520B2B8D600DA6F6B /* Debug */ = {
			isa = XCBuildConfiguration;
			buildSettings = {
				CODE_SIGN_STYLE = Automatic;
				DEVELOPMENT_TEAM = 3BUB7R3366;
				INFOPLIST_FILE = GitProjectUITests/Info.plist;
				LD_RUNPATH_SEARCH_PATHS = (
					"$(inherited)",
					"@executable_path/Frameworks",
					"@loader_path/Frameworks",
				);
				PRODUCT_BUNDLE_IDENTIFIER = com.Wu.Blake.GitProjectUITests;
				PRODUCT_NAME = "$(TARGET_NAME)";
				TARGETED_DEVICE_FAMILY = "1,2";
				TEST_TARGET_NAME = GitProject;
			};
			name = Debug;
		};
		0C1B720620B2B8D600DA6F6B /* Release */ = {
			isa = XCBuildConfiguration;
			buildSettings = {
				CODE_SIGN_STYLE = Automatic;
				DEVELOPMENT_TEAM = 3BUB7R3366;
				INFOPLIST_FILE = GitProjectUITests/Info.plist;
				LD_RUNPATH_SEARCH_PATHS = (
					"$(inherited)",
					"@executable_path/Frameworks",
					"@loader_path/Frameworks",
				);
				PRODUCT_BUNDLE_IDENTIFIER = com.Wu.Blake.GitProjectUITests;
				PRODUCT_NAME = "$(TARGET_NAME)";
				TARGETED_DEVICE_FAMILY = "1,2";
				TEST_TARGET_NAME = GitProject;
			};
			name = Release;
		};
/* End XCBuildConfiguration section */

/* Begin XCConfigurationList section */
		0C1B71CA20B2B8D500DA6F6B /* Build configuration list for PBXProject "GitProject" */ = {
			isa = XCConfigurationList;
			buildConfigurations = (
				0C1B71FC20B2B8D600DA6F6B /* Debug */,
				0C1B71FD20B2B8D600DA6F6B /* Release */,
			);
			defaultConfigurationIsVisible = 0;
			defaultConfigurationName = Release;
		};
		0C1B71FE20B2B8D600DA6F6B /* Build configuration list for PBXNativeTarget "GitProject" */ = {
			isa = XCConfigurationList;
			buildConfigurations = (
				0C1B71FF20B2B8D600DA6F6B /* Debug */,
				0C1B720020B2B8D600DA6F6B /* Release */,
			);
			defaultConfigurationIsVisible = 0;
			defaultConfigurationName = Release;
		};
		0C1B720120B2B8D600DA6F6B /* Build configuration list for PBXNativeTarget "GitProjectTests" */ = {
			isa = XCConfigurationList;
			buildConfigurations = (
				0C1B720220B2B8D600DA6F6B /* Debug */,
				0C1B720320B2B8D600DA6F6B /* Release */,
			);
			defaultConfigurationIsVisible = 0;
			defaultConfigurationName = Release;
		};
		0C1B720420B2B8D600DA6F6B /* Build configuration list for PBXNativeTarget "GitProjectUITests" */ = {
			isa = XCConfigurationList;
			buildConfigurations = (
				0C1B720520B2B8D600DA6F6B /* Debug */,
				0C1B720620B2B8D600DA6F6B /* Release */,
			);
			defaultConfigurationIsVisible = 0;
			defaultConfigurationName = Release;
		};
/* End XCConfigurationList section */

/* Begin XCVersionGroup section */
		0C1B71DB20B2B8D500DA6F6B /* GitProject.xcdatamodeld */ = {
			isa = XCVersionGroup;
			children = (
				0C1B71DC20B2B8D500DA6F6B /* GitProject.xcdatamodel */,
			);
			currentVersion = 0C1B71DC20B2B8D500DA6F6B /* GitProject.xcdatamodel */;
			path = GitProject.xcdatamodeld;
			sourceTree = "<group>";
			versionGroupType = wrapper.xcdatamodel;
		};
/* End XCVersionGroup section */
	};
	rootObject = 0C1B71C720B2B8D500DA6F6B /* Project object */;
}
